
Microsoft Visual Studio Solution File, Format Version 12.00
# Visual Studio Version 16
VisualStudioVersion = 16.0.29411.108
MinimumVisualStudioVersion = 10.0.40219.1
Project("{FAE04EC0-301F-11D3-BF4B-00C04F79EFBC}") = "Calculator2022", "Calculator2022\Calculator2022.csproj", "{1C82C1AF-C4A7-4DA0-98F3-D607F014DF03}"
EndProject
Global
	GlobalSection(SolutionConfigurationPlatforms) = preSolution
		Debug|Any CPU = Debug|Any CPU
		Release|Any CPU = Release|Any CPU
	EndGlobalSection
	GlobalSection(ProjectConfigurationPlatforms) = postSolution
		{1C82C1AF-C4A7-4DA0-98F3-D607F014DF03}.Debug|Any CPU.ActiveCfg = Debug|Any CPU
		{1C82C1AF-C4A7-4DA0-98F3-D607F014DF03}.Debug|Any CPU.Build.0 = Debug|Any CPU
		{1C82C1AF-C4A7-4DA0-98F3-D607F014DF03}.Release|Any CPU.ActiveCfg = Release|Any CPU
		{1C82C1AF-C4A7-4DA0-98F3-D607F014DF03}.Release|Any CPU.Build.0 = Release|Any CPU
	EndGlobalSection
	GlobalSection(SolutionProperties) = preSolution
		HideSolutionNode = FALSE
	EndGlobalSection
	GlobalSection(ExtensibilityGlobals) = postSolution
		SolutionGuid = {B3FD25B6-D69A-4B56-AFBC-EE42DF39D19C}
	EndGlobalSection
EndGlobal
